
Microsoft Visual Studio Solution File, Format Version 12.00
# Visual Studio 15
VisualStudioVersion = 15.0.28307.1500
MinimumVisualStudioVersion = 10.0.40219.1
Project("{FAE04EC0-301F-11D3-BF4B-00C04F79EFBC}") = "WebApp", "WebApp\WebApp.csproj", "{45766BE9-9A2A-4EFA-83EF-07A4D75A7744}"
EndProject
Project("{FAE04EC0-301F-11D3-BF4B-00C04F79EFBC}") = "Data", "Data\Data.csproj", "{169FF18F-F96F-4293-B79B-1637E0C8EFFC}"
EndProject
Project("{FAE04EC0-301F-11D3-BF4B-00C04F79EFBC}") = "Domain", "Domain\Domain.csproj", "{9C55515F-EDAC-4599-A226-4CFD955303BD}"
EndProject
Global
	GlobalSection(SolutionConfigurationPlatforms) = preSolution
		Debug|Any CPU = Debug|Any CPU
		Release|Any CPU = Release|Any CPU
	EndGlobalSection
	GlobalSection(ProjectConfigurationPlatforms) = postSolution
		{45766BE9-9A2A-4EFA-83EF-07A4D75A7744}.Debug|Any CPU.ActiveCfg = Debug|Any CPU
		{45766BE9-9A2A-4EFA-83EF-07A4D75A7744}.Debug|Any CPU.Build.0 = Debug|Any CPU
		{45766BE9-9A2A-4EFA-83EF-07A4D75A7744}.Release|Any CPU.ActiveCfg = Release|Any CPU
		{45766BE9-9A2A-4EFA-83EF-07A4D75A7744}.Release|Any CPU.Build.0 = Release|Any CPU
		{169FF18F-F96F-4293-B79B-1637E0C8EFFC}.Debug|Any CPU.ActiveCfg = Debug|Any CPU
		{169FF18F-F96F-4293-B79B-1637E0C8EFFC}.Debug|Any CPU.Build.0 = Debug|Any CPU
		{169FF18F-F96F-4293-B79B-1637E0C8EFFC}.Release|Any CPU.ActiveCfg = Release|Any CPU
		{169FF18F-F96F-4293-B79B-1637E0C8EFFC}.Release|Any CPU.Build.0 = Release|Any CPU
		{9C55515F-EDAC-4599-A226-4CFD955303BD}.Debug|Any CPU.ActiveCfg = Debug|Any CPU
		{9C55515F-EDAC-4599-A226-4CFD955303BD}.Debug|Any CPU.Build.0 = Debug|Any CPU
		{9C55515F-EDAC-4599-A226-4CFD955303BD}.Release|Any CPU.ActiveCfg = Release|Any CPU
		{9C55515F-EDAC-4599-A226-4CFD955303BD}.Release|Any CPU.Build.0 = Release|Any CPU
	EndGlobalSection
	GlobalSection(SolutionProperties) = preSolution
		HideSolutionNode = FALSE
	EndGlobalSection
	GlobalSection(ExtensibilityGlobals) = postSolution
		SolutionGuid = {D579D356-1A26-49CE-B9D6-DE0A64EEB688}
	EndGlobalSection
EndGlobal
